// !$*UTF8*$!
{
	archiveVersion = 1;
	classes = {
	};
	objectVersion = 50;
	objects = {

/* Begin PBXBuildFile section */
		466198DF23D1C5D700DC9842 /* AppDelegate.swift in Sources */ = {isa = PBXBuildFile; fileRef = 466198DE23D1C5D700DC9842 /* AppDelegate.swift */; };
		466198E123D1C5D700DC9842 /* SceneDelegate.swift in Sources */ = {isa = PBXBuildFile; fileRef = 466198E023D1C5D700DC9842 /* SceneDelegate.swift */; };
		466198E623D1C5D700DC9842 /* Main.storyboard in Resources */ = {isa = PBXBuildFile; fileRef = 466198E423D1C5D700DC9842 /* Main.storyboard */; };
		466198E923D1C5D700DC9842 /* loginext.xcdatamodeld in Sources */ = {isa = PBXBuildFile; fileRef = 466198E723D1C5D700DC9842 /* loginext.xcdatamodeld */; };
		466198EB23D1C5DE00DC9842 /* Assets.xcassets in Resources */ = {isa = PBXBuildFile; fileRef = 466198EA23D1C5DE00DC9842 /* Assets.xcassets */; };
		466198EE23D1C5DE00DC9842 /* LaunchScreen.storyboard in Resources */ = {isa = PBXBuildFile; fileRef = 466198EC23D1C5DE00DC9842 /* LaunchScreen.storyboard */; };
		466198F923D1C5DE00DC9842 /* loginextTests.swift in Sources */ = {isa = PBXBuildFile; fileRef = 466198F823D1C5DE00DC9842 /* loginextTests.swift */; };
/* End PBXBuildFile section */

/* Begin PBXContainerItemProxy section */
		466198F523D1C5DE00DC9842 /* PBXContainerItemProxy */ = {
			isa = PBXContainerItemProxy;
			containerPortal = 466198D323D1C5D700DC9842 /* Project object */;
			proxyType = 1;
			remoteGlobalIDString = 466198DA23D1C5D700DC9842;
			remoteInfo = loginext;
		};
/* End PBXContainerItemProxy section */

/* Begin PBXFileReference section */
		466198DB23D1C5D700DC9842 /* loginext.app */ = {isa = PBXFileReference; explicitFileType = wrapper.application; includeInIndex = 0; path = loginext.app; sourceTree = BUILT_PRODUCTS_DIR; };
		466198DE23D1C5D700DC9842 /* AppDelegate.swift */ = {isa = PBXFileReference; lastKnownFileType = sourcecode.swift; path = AppDelegate.swift; sourceTree = "<group>"; };
		466198E023D1C5D700DC9842 /* SceneDelegate.swift */ = {isa = PBXFileReference; lastKnownFileType = sourcecode.swift; path = SceneDelegate.swift; sourceTree = "<group>"; };
		466198E523D1C5D700DC9842 /* Base */ = {isa = PBXFileReference; lastKnownFileType = file.storyboard; name = Base; path = Base.lproj/Main.storyboard; sourceTree = "<group>"; };
		466198E823D1C5D700DC9842 /* loginext.xcdatamodel */ = {isa = PBXFileReference; lastKnownFileType = wrapper.xcdatamodel; path = loginext.xcdatamodel; sourceTree = "<group>"; };
		466198EA23D1C5DE00DC9842 /* Assets.xcassets */ = {isa = PBXFileReference; lastKnownFileType = folder.assetcatalog; path = Assets.xcassets; sourceTree = "<group>"; };
		466198ED23D1C5DE00DC9842 /* Base */ = {isa = PBXFileReference; lastKnownFileType = file.storyboard; name = Base; path = Base.lproj/LaunchScreen.storyboard; sourceTree = "<group>"; };
		466198EF23D1C5DE00DC9842 /* Info.plist */ = {isa = PBXFileReference; lastKnownFileType = text.plist.xml; path = Info.plist; sourceTree = "<group>"; };
		466198F423D1C5DE00DC9842 /* loginextTests.xctest */ = {isa = PBXFileReference; explicitFileType = wrapper.cfbundle; includeInIndex = 0; path = loginextTests.xctest; sourceTree = BUILT_PRODUCTS_DIR; };
		466198F823D1C5DE00DC9842 /* loginextTests.swift */ = {isa = PBXFileReference; lastKnownFileType = sourcecode.swift; path = loginextTests.swift; sourceTree = "<group>"; };
		466198FA23D1C5DE00DC9842 /* Info.plist */ = {isa = PBXFileReference; lastKnownFileType = text.plist.xml; path = Info.plist; sourceTree = "<group>"; };
/* End PBXFileReference section */

/* Begin PBXFrameworksBuildPhase section */
		466198D823D1C5D700DC9842 /* Frameworks */ = {
			isa = PBXFrameworksBuildPhase;
			buildActionMask = 2147483647;
			files = (
			);
			runOnlyForDeploymentPostprocessing = 0;
		};
		466198F123D1C5DE00DC9842 /* Frameworks */ = {
			isa = PBXFrameworksBuildPhase;
			buildActionMask = 2147483647;
			files = (
			);
			runOnlyForDeploymentPostprocessing = 0;
		};
/* End PBXFrameworksBuildPhase section */

/* Begin PBXGroup section */
		466198D223D1C5D700DC9842 = {
			isa = PBXGroup;
			children = (
				466198DD23D1C5D700DC9842 /* loginext */,
				466198F723D1C5DE00DC9842 /* loginextTests */,
				466198DC23D1C5D700DC9842 /* Products */,
			);
			sourceTree = "<group>";
		};
		466198DC23D1C5D700DC9842 /* Products */ = {
			isa = PBXGroup;
			children = (
				466198DB23D1C5D700DC9842 /* loginext.app */,
				466198F423D1C5DE00DC9842 /* loginextTests.xctest */,
			);
			name = Products;
			sourceTree = "<group>";
		};
		466198DD23D1C5D700DC9842 /* loginext */ = {
			isa = PBXGroup;
			children = (
				4661990623D1C6FF00DC9842 /* Core Data */,
				4661990523D1C6EE00DC9842 /* Storyboards */,
				4661990423D1C6DF00DC9842 /* Resources */,
				4661990323D1C67000DC9842 /* App Launch */,
				466198EF23D1C5DE00DC9842 /* Info.plist */,
			);
			path = loginext;
			sourceTree = "<group>";
		};
		466198F723D1C5DE00DC9842 /* loginextTests */ = {
			isa = PBXGroup;
			children = (
				466198F823D1C5DE00DC9842 /* loginextTests.swift */,
				466198FA23D1C5DE00DC9842 /* Info.plist */,
			);
			path = loginextTests;
			sourceTree = "<group>";
		};
		4661990323D1C67000DC9842 /* App Launch */ = {
			isa = PBXGroup;
			children = (
				466198DE23D1C5D700DC9842 /* AppDelegate.swift */,
				466198E023D1C5D700DC9842 /* SceneDelegate.swift */,
			);
			path = "App Launch";
			sourceTree = "<group>";
		};
		4661990423D1C6DF00DC9842 /* Resources */ = {
			isa = PBXGroup;
			children = (
				466198EA23D1C5DE00DC9842 /* Assets.xcassets */,
			);
			path = Resources;
			sourceTree = "<group>";
		};
		4661990523D1C6EE00DC9842 /* Storyboards */ = {
			isa = PBXGroup;
			children = (
				466198EC23D1C5DE00DC9842 /* LaunchScreen.storyboard */,
				466198E423D1C5D700DC9842 /* Main.storyboard */,
			);
			path = Storyboards;
			sourceTree = "<group>";
		};
		4661990623D1C6FF00DC9842 /* Core Data */ = {
			isa = PBXGroup;
			children = (
				466198E723D1C5D700DC9842 /* loginext.xcdatamodeld */,
			);
			path = "Core Data";
			sourceTree = "<group>";
		};
/* End PBXGroup section */

/* Begin PBXNativeTarget section */
		466198DA23D1C5D700DC9842 /* loginext */ = {
			isa = PBXNativeTarget;
			buildConfigurationList = 466198FD23D1C5DE00DC9842 /* Build configuration list for PBXNativeTarget "loginext" */;
			buildPhases = (
				466198D723D1C5D700DC9842 /* Sources */,
				466198D823D1C5D700DC9842 /* Frameworks */,
				466198D923D1C5D700DC9842 /* Resources */,
			);
			buildRules = (
			);
			dependencies = (
			);
			name = loginext;
			productName = loginext;
			productReference = 466198DB23D1C5D700DC9842 /* loginext.app */;
			productType = "com.apple.product-type.application";
		};
		466198F323D1C5DE00DC9842 /* loginextTests */ = {
			isa = PBXNativeTarget;
			buildConfigurationList = 4661990023D1C5DE00DC9842 /* Build configuration list for PBXNativeTarget "loginextTests" */;
			buildPhases = (
				466198F023D1C5DE00DC9842 /* Sources */,
				466198F123D1C5DE00DC9842 /* Frameworks */,
				466198F223D1C5DE00DC9842 /* Resources */,
			);
			buildRules = (
			);
			dependencies = (
				466198F623D1C5DE00DC9842 /* PBXTargetDependency */,
			);
			name = loginextTests;
			productName = loginextTests;
			productReference = 466198F423D1C5DE00DC9842 /* loginextTests.xctest */;
			productType = "com.apple.product-type.bundle.unit-test";
		};
/* End PBXNativeTarget section */

/* Begin PBXProject section */
		466198D323D1C5D700DC9842 /* Project object */ = {
			isa = PBXProject;
			attributes = {
				LastSwiftUpdateCheck = 1130;
				LastUpgradeCheck = 1130;
				ORGANIZATIONNAME = "Tasin Zarkoob";
				TargetAttributes = {
					466198DA23D1C5D700DC9842 = {
						CreatedOnToolsVersion = 11.3.1;
					};
					466198F323D1C5DE00DC9842 = {
						CreatedOnToolsVersion = 11.3.1;
						TestTargetID = 466198DA23D1C5D700DC9842;
					};
				};
			};
			buildConfigurationList = 466198D623D1C5D700DC9842 /* Build configuration list for PBXProject "loginext" */;
			compatibilityVersion = "Xcode 9.3";
			developmentRegion = en;
			hasScannedForEncodings = 0;
			knownRegions = (
				en,
				Base,
			);
			mainGroup = 466198D223D1C5D700DC9842;
			productRefGroup = 466198DC23D1C5D700DC9842 /* Products */;
			projectDirPath = "";
			projectRoot = "";
			targets = (
				466198DA23D1C5D700DC9842 /* loginext */,
				466198F323D1C5DE00DC9842 /* loginextTests */,
			);
		};
/* End PBXProject section */

/* Begin PBXResourcesBuildPhase section */
		466198D923D1C5D700DC9842 /* Resources */ = {
			isa = PBXResourcesBuildPhase;
			buildActionMask = 2147483647;
			files = (
				466198EE23D1C5DE00DC9842 /* LaunchScreen.storyboard in Resources */,
				466198EB23D1C5DE00DC9842 /* Assets.xcassets in Resources */,
				466198E623D1C5D700DC9842 /* Main.storyboard in Resources */,
			);
			runOnlyForDeploymentPostprocessing = 0;
		};
		466198F223D1C5DE00DC9842 /* Resources */ = {
			isa = PBXResourcesBuildPhase;
			buildActionMask = 2147483647;
			files = (
			);
			runOnlyForDeploymentPostprocessing = 0;
		};
/* End PBXResourcesBuildPhase section */

/* Begin PBXSourcesBuildPhase section */
		466198D723D1C5D700DC9842 /* Sources */ = {
			isa = PBXSourcesBuildPhase;
			buildActionMask = 2147483647;
			files = (
				466198DF23D1C5D700DC9842 /* AppDelegate.swift in Sources */,
				466198E123D1C5D700DC9842 /* SceneDelegate.swift in Sources */,
				466198E923D1C5D700DC9842 /* loginext.xcdatamodeld in Sources */,
			);
			runOnlyForDeploymentPostprocessing = 0;
		};
		466198F023D1C5DE00DC9842 /* Sources */ = {
			isa = PBXSourcesBuildPhase;
			buildActionMask = 2147483647;
			files = (
				466198F923D1C5DE00DC9842 /* loginextTests.swift in Sources */,
			);
			runOnlyForDeploymentPostprocessing = 0;
		};
/* End PBXSourcesBuildPhase section */

/* Begin PBXTargetDependency section */
		466198F623D1C5DE00DC9842 /* PBXTargetDependency */ = {
			isa = PBXTargetDependency;
			target = 466198DA23D1C5D700DC9842 /* loginext */;
			targetProxy = 466198F523D1C5DE00DC9842 /* PBXContainerItemProxy */;
		};
/* End PBXTargetDependency section */

/* Begin PBXVariantGroup section */
		466198E423D1C5D700DC9842 /* Main.storyboard */ = {
			isa = PBXVariantGroup;
			children = (
				466198E523D1C5D700DC9842 /* Base */,
			);
			name = Main.storyboard;
			sourceTree = "<group>";
		};
		466198EC23D1C5DE00DC9842 /* LaunchScreen.storyboard */ = {
			isa = PBXVariantGroup;
			children = (
				466198ED23D1C5DE00DC9842 /* Base */,
			);
			name = LaunchScreen.storyboard;
			sourceTree = "<group>";
		};
/* End PBXVariantGroup section */

/* Begin XCBuildConfiguration section */
		466198FB23D1C5DE00DC9842 /* Debug */ = {
			isa = XCBuildConfiguration;
			buildSettings = {
				ALWAYS_SEARCH_USER_PATHS = NO;
				CLANG_ANALYZER_NONNULL = YES;
				CLANG_ANALYZER_NUMBER_OBJECT_CONVERSION = YES_AGGRESSIVE;
				CLANG_CXX_LANGUAGE_STANDARD = "gnu++14";
				CLANG_CXX_LIBRARY = "libc++";
				CLANG_ENABLE_MODULES = YES;
				CLANG_ENABLE_OBJC_ARC = YES;
				CLANG_ENABLE_OBJC_WEAK = YES;
				CLANG_WARN_BLOCK_CAPTURE_AUTORELEASING = YES;
				CLANG_WARN_BOOL_CONVERSION = YES;
				CLANG_WARN_COMMA = YES;
				CLANG_WARN_CONSTANT_CONVERSION = YES;
				CLANG_WARN_DEPRECATED_OBJC_IMPLEMENTATIONS = YES;
				CLANG_WARN_DIRECT_OBJC_ISA_USAGE = YES_ERROR;
				CLANG_WARN_DOCUMENTATION_COMMENTS = YES;
				CLANG_WARN_EMPTY_BODY = YES;
				CLANG_WARN_ENUM_CONVERSION = YES;
				CLANG_WARN_INFINITE_RECURSION = YES;
				CLANG_WARN_INT_CONVERSION = YES;
				CLANG_WARN_NON_LITERAL_NULL_CONVERSION = YES;
				CLANG_WARN_OBJC_IMPLICIT_RETAIN_SELF = YES;
				CLANG_WARN_OBJC_LITERAL_CONVERSION = YES;
				CLANG_WARN_OBJC_ROOT_CLASS = YES_ERROR;
				CLANG_WARN_RANGE_LOOP_ANALYSIS = YES;
				CLANG_WARN_STRICT_PROTOTYPES = YES;
				CLANG_WARN_SUSPICIOUS_MOVE = YES;
				CLANG_WARN_UNGUARDED_AVAILABILITY = YES_AGGRESSIVE;
				CLANG_WARN_UNREACHABLE_CODE = YES;
				CLANG_WARN__DUPLICATE_METHOD_MATCH = YES;
				COPY_PHASE_STRIP = NO;
				DEBUG_INFORMATION_FORMAT = dwarf;
				ENABLE_STRICT_OBJC_MSGSEND = YES;
				ENABLE_TESTABILITY = YES;
				GCC_C_LANGUAGE_STANDARD = gnu11;
				GCC_DYNAMIC_NO_PIC = NO;
				GCC_NO_COMMON_BLOCKS = YES;
				GCC_OPTIMIZATION_LEVEL = 0;
				GCC_PREPROCESSOR_DEFINITIONS = (
					"DEBUG=1",
					"$(inherited)",
				);
				GCC_WARN_64_TO_32_BIT_CONVERSION = YES;
				GCC_WARN_ABOUT_RETURN_TYPE = YES_ERROR;
				GCC_WARN_UNDECLARED_SELECTOR = YES;
				GCC_WARN_UNINITIALIZED_AUTOS = YES_AGGRESSIVE;
				GCC_WARN_UNUSED_FUNCTION = YES;
				GCC_WARN_UNUSED_VARIABLE = YES;
				IPHONEOS_DEPLOYMENT_TARGET = 13.2;
				MTL_ENABLE_DEBUG_INFO = INCLUDE_SOURCE;
				MTL_FAST_MATH = YES;
				ONLY_ACTIVE_ARCH = YES;
				SDKROOT = iphoneos;
				SWIFT_ACTIVE_COMPILATION_CONDITIONS = DEBUG;
				SWIFT_OPTIMIZATION_LEVEL = "-Onone";
			};
			name = Debug;
		};
		466198FC23D1C5DE00DC9842 /* Release */ = {
			isa = XCBuildConfiguration;
			buildSettings = {
				ALWAYS_SEARCH_USER_PATHS = NO;
				CLANG_ANALYZER_NONNULL = YES;
				CLANG_ANALYZER_NUMBER_OBJECT_CONVERSION = YES_AGGRESSIVE;
				CLANG_CXX_LANGUAGE_STANDARD = "gnu++14";
				CLANG_CXX_LIBRARY = "libc++";
				CLANG_ENABLE_MODULES = YES;
				CLANG_ENABLE_OBJC_ARC = YES;
				CLANG_ENABLE_OBJC_WEAK = YES;
				CLANG_WARN_BLOCK_CAPTURE_AUTORELEASING = YES;
				CLANG_WARN_BOOL_CONVERSION = YES;
				CLANG_WARN_COMMA = YES;
				CLANG_WARN_CONSTANT_CONVERSION = YES;
				CLANG_WARN_DEPRECATED_OBJC_IMPLEMENTATIONS = YES;
				CLANG_WARN_DIRECT_OBJC_ISA_USAGE = YES_ERROR;
				CLANG_WARN_DOCUMENTATION_COMMENTS = YES;
				CLANG_WARN_EMPTY_BODY = YES;
				CLANG_WARN_ENUM_CONVERSION = YES;
				CLANG_WARN_INFINITE_RECURSION = YES;
				CLANG_WARN_INT_CONVERSION = YES;
				CLANG_WARN_NON_LITERAL_NULL_CONVERSION = YES;
				CLANG_WARN_OBJC_IMPLICIT_RETAIN_SELF = YES;
				CLANG_WARN_OBJC_LITERAL_CONVERSION = YES;
				CLANG_WARN_OBJC_ROOT_CLASS = YES_ERROR;
				CLANG_WARN_RANGE_LOOP_ANALYSIS = YES;
				CLANG_WARN_STRICT_PROTOTYPES = YES;
				CLANG_WARN_SUSPICIOUS_MOVE = YES;
				CLANG_WARN_UNGUARDED_AVAILABILITY = YES_AGGRESSIVE;
				CLANG_WARN_UNREACHABLE_CODE = YES;
				CLANG_WARN__DUPLICATE_METHOD_MATCH = YES;
				COPY_PHASE_STRIP = NO;
				DEBUG_INFORMATION_FORMAT = "dwarf-with-dsym";
				ENABLE_NS_ASSERTIONS = NO;
				ENABLE_STRICT_OBJC_MSGSEND = YES;
				GCC_C_LANGUAGE_STANDARD = gnu11;
				GCC_NO_COMMON_BLOCKS = YES;
				GCC_WARN_64_TO_32_BIT_CONVERSION = YES;
				GCC_WARN_ABOUT_RETURN_TYPE = YES_ERROR;
				GCC_WARN_UNDECLARED_SELECTOR = YES;
				GCC_WARN_UNINITIALIZED_AUTOS = YES_AGGRESSIVE;
				GCC_WARN_UNUSED_FUNCTION = YES;
				GCC_WARN_UNUSED_VARIABLE = YES;
				IPHONEOS_DEPLOYMENT_TARGET = 13.2;
				MTL_ENABLE_DEBUG_INFO = NO;
				MTL_FAST_MATH = YES;
				SDKROOT = iphoneos;
				SWIFT_COMPILATION_MODE = wholemodule;
				SWIFT_OPTIMIZATION_LEVEL = "-O";
				VALIDATE_PRODUCT = YES;
			};
			name = Release;
		};
		466198FE23D1C5DE00DC9842 /* Debug */ = {
			isa = XCBuildConfiguration;
			buildSettings = {
				ASSETCATALOG_COMPILER_APPICON_NAME = AppIcon;
				CODE_SIGN_STYLE = Automatic;
				DEVELOPMENT_TEAM = 486WF39AWN;
				INFOPLIST_FILE = loginext/Info.plist;
				LD_RUNPATH_SEARCH_PATHS = (
					"$(inherited)",
					"@executable_path/Frameworks",
				);
				PRODUCT_BUNDLE_IDENTIFIER = apps.tasin.loginext;
				PRODUCT_NAME = "$(TARGET_NAME)";
				SWIFT_VERSION = 5.0;
				TARGETED_DEVICE_FAMILY = 1;
			};
			name = Debug;
		};
		466198FF23D1C5DE00DC9842 /* Release */ = {
			isa = XCBuildConfiguration;
			buildSettings = {
				ASSETCATALOG_COMPILER_APPICON_NAME = AppIcon;
				CODE_SIGN_STYLE = Automatic;
				DEVELOPMENT_TEAM = 486WF39AWN;
				INFOPLIST_FILE = loginext/Info.plist;
				LD_RUNPATH_SEARCH_PATHS = (
					"$(inherited)",
					"@executable_path/Frameworks",
				);
				PRODUCT_BUNDLE_IDENTIFIER = apps.tasin.loginext;
				PRODUCT_NAME = "$(TARGET_NAME)";
				SWIFT_VERSION = 5.0;
				TARGETED_DEVICE_FAMILY = 1;
			};
			name = Release;
		};
		4661990123D1C5DE00DC9842 /* Debug */ = {
			isa = XCBuildConfiguration;
			buildSettings = {
				ALWAYS_EMBED_SWIFT_STANDARD_LIBRARIES = YES;
				BUNDLE_LOADER = "$(TEST_HOST)";
				CODE_SIGN_STYLE = Automatic;
				DEVELOPMENT_TEAM = 486WF39AWN;
				INFOPLIST_FILE = loginextTests/Info.plist;
				IPHONEOS_DEPLOYMENT_TARGET = 13.2;
				LD_RUNPATH_SEARCH_PATHS = (
					"$(inherited)",
					"@executable_path/Frameworks",
					"@loader_path/Frameworks",
				);
				PRODUCT_BUNDLE_IDENTIFIER = apps.tasin.loginextTests;
				PRODUCT_NAME = "$(TARGET_NAME)";
				SWIFT_VERSION = 5.0;
				TARGETED_DEVICE_FAMILY = "1,2";
				TEST_HOST = "$(BUILT_PRODUCTS_DIR)/loginext.app/loginext";
			};
			name = Debug;
		};
		4661990223D1C5DE00DC9842 /* Release */ = {
			isa = XCBuildConfiguration;
			buildSettings = {
				ALWAYS_EMBED_SWIFT_STANDARD_LIBRARIES = YES;
				BUNDLE_LOADER = "$(TEST_HOST)";
				CODE_SIGN_STYLE = Automatic;
				DEVELOPMENT_TEAM = 486WF39AWN;
				INFOPLIST_FILE = loginextTests/Info.plist;
				IPHONEOS_DEPLOYMENT_TARGET = 13.2;
				LD_RUNPATH_SEARCH_PATHS = (
					"$(inherited)",
					"@executable_path/Frameworks",
					"@loader_path/Frameworks",
				);
				PRODUCT_BUNDLE_IDENTIFIER = apps.tasin.loginextTests;
				PRODUCT_NAME = "$(TARGET_NAME)";
				SWIFT_VERSION = 5.0;
				TARGETED_DEVICE_FAMILY = "1,2";
				TEST_HOST = "$(BUILT_PRODUCTS_DIR)/loginext.app/loginext";
			};
			name = Release;
		};
/* End XCBuildConfiguration section */

/* Begin XCConfigurationList section */
		466198D623D1C5D700DC9842 /* Build configuration list for PBXProject "loginext" */ = {
			isa = XCConfigurationList;
			buildConfigurations = (
				466198FB23D1C5DE00DC9842 /* Debug */,
				466198FC23D1C5DE00DC9842 /* Release */,
			);
			defaultConfigurationIsVisible = 0;
			defaultConfigurationName = Release;
		};
		466198FD23D1C5DE00DC9842 /* Build configuration list for PBXNativeTarget "loginext" */ = {
			isa = XCConfigurationList;
			buildConfigurations = (
				466198FE23D1C5DE00DC9842 /* Debug */,
				466198FF23D1C5DE00DC9842 /* Release */,
			);
			defaultConfigurationIsVisible = 0;
			defaultConfigurationName = Release;
		};
		4661990023D1C5DE00DC9842 /* Build configuration list for PBXNativeTarget "loginextTests" */ = {
			isa = XCConfigurationList;
			buildConfigurations = (
				4661990123D1C5DE00DC9842 /* Debug */,
				4661990223D1C5DE00DC9842 /* Release */,
			);
			defaultConfigurationIsVisible = 0;
			defaultConfigurationName = Release;
		};
/* End XCConfigurationList section */

/* Begin XCVersionGroup section */
		466198E723D1C5D700DC9842 /* loginext.xcdatamodeld */ = {
			isa = XCVersionGroup;
			children = (
				466198E823D1C5D700DC9842 /* loginext.xcdatamodel */,
			);
			currentVersion = 466198E823D1C5D700DC9842 /* loginext.xcdatamodel */;
			path = loginext.xcdatamodeld;
			sourceTree = "<group>";
			versionGroupType = wrapper.xcdatamodel;
		};
/* End XCVersionGroup section */
	};
	rootObject = 466198D323D1C5D700DC9842 /* Project object */;
}
