// !$*UTF8*$!
{
	archiveVersion = 1;
	classes = {
	};
	objectVersion = 51;
	objects = {

/* Begin PBXBuildFile section */
		03C3903AE67F0905597DAD3F /* Pods_loginextTests.framework in Frameworks */ = {isa = PBXBuildFile; fileRef = 19C5CC426B3E76F5BDB64028 /* Pods_loginextTests.framework */; };
		218D91942E17BD47D4B497CD /* Pods_loginext.framework in Frameworks */ = {isa = PBXBuildFile; fileRef = D5957A33EC0CDA935EC0864C /* Pods_loginext.framework */; };
		466198DF23D1C5D700DC9842 /* AppDelegate.swift in Sources */ = {isa = PBXBuildFile; fileRef = 466198DE23D1C5D700DC9842 /* AppDelegate.swift */; };
		466198E123D1C5D700DC9842 /* SceneDelegate.swift in Sources */ = {isa = PBXBuildFile; fileRef = 466198E023D1C5D700DC9842 /* SceneDelegate.swift */; };
		466198E623D1C5D700DC9842 /* Main.storyboard in Resources */ = {isa = PBXBuildFile; fileRef = 466198E423D1C5D700DC9842 /* Main.storyboard */; };
		466198E923D1C5D700DC9842 /* loginext.xcdatamodeld in Sources */ = {isa = PBXBuildFile; fileRef = 466198E723D1C5D700DC9842 /* loginext.xcdatamodeld */; };
		466198EB23D1C5DE00DC9842 /* Assets.xcassets in Resources */ = {isa = PBXBuildFile; fileRef = 466198EA23D1C5DE00DC9842 /* Assets.xcassets */; };
		466198EE23D1C5DE00DC9842 /* LaunchScreen.storyboard in Resources */ = {isa = PBXBuildFile; fileRef = 466198EC23D1C5DE00DC9842 /* LaunchScreen.storyboard */; };
		466198F923D1C5DE00DC9842 /* loginextTests.swift in Sources */ = {isa = PBXBuildFile; fileRef = 466198F823D1C5DE00DC9842 /* loginextTests.swift */; };
		4661990E23D1CA0C00DC9842 /* FirebaseDBManager.swift in Sources */ = {isa = PBXBuildFile; fileRef = 4661990D23D1CA0C00DC9842 /* FirebaseDBManager.swift */; };
		4661991223D1D18900DC9842 /* GoogleService-Info.plist in Resources */ = {isa = PBXBuildFile; fileRef = 4661991123D1D18900DC9842 /* GoogleService-Info.plist */; };
		4661991723D1DB9900DC9842 /* MainNavigationViewController.swift in Sources */ = {isa = PBXBuildFile; fileRef = 4661991623D1DB9900DC9842 /* MainNavigationViewController.swift */; };
		4661991A23D1DBEF00DC9842 /* Order.swift in Sources */ = {isa = PBXBuildFile; fileRef = 4661991923D1DBEF00DC9842 /* Order.swift */; };
		4661992423D1F7C500DC9842 /* OrderListPresenter.swift in Sources */ = {isa = PBXBuildFile; fileRef = 4661991E23D1F7C500DC9842 /* OrderListPresenter.swift */; };
		4661992523D1F7C500DC9842 /* OrderListWorker.swift in Sources */ = {isa = PBXBuildFile; fileRef = 4661991F23D1F7C500DC9842 /* OrderListWorker.swift */; };
		4661992623D1F7C500DC9842 /* OrderListRouter.swift in Sources */ = {isa = PBXBuildFile; fileRef = 4661992023D1F7C500DC9842 /* OrderListRouter.swift */; };
		4661992723D1F7C500DC9842 /* OrderListModels.swift in Sources */ = {isa = PBXBuildFile; fileRef = 4661992123D1F7C500DC9842 /* OrderListModels.swift */; };
		4661992823D1F7C500DC9842 /* OrderListViewController.swift in Sources */ = {isa = PBXBuildFile; fileRef = 4661992223D1F7C500DC9842 /* OrderListViewController.swift */; };
		4661992923D1F7C500DC9842 /* OrderListInteractor.swift in Sources */ = {isa = PBXBuildFile; fileRef = 4661992323D1F7C500DC9842 /* OrderListInteractor.swift */; };
		4661992C23D1F8B800DC9842 /* BaseViewController.swift in Sources */ = {isa = PBXBuildFile; fileRef = 4661992B23D1F8B800DC9842 /* BaseViewController.swift */; };
		4661992E23D2058600DC9842 /* OrderListCell.swift in Sources */ = {isa = PBXBuildFile; fileRef = 4661992D23D2058600DC9842 /* OrderListCell.swift */; };
		4661993023D2071A00DC9842 /* AppTabBarController.swift in Sources */ = {isa = PBXBuildFile; fileRef = 4661992F23D2071A00DC9842 /* AppTabBarController.swift */; };
		4661993323D3AB1A00DC9842 /* OrderDetailsViewController.swift in Sources */ = {isa = PBXBuildFile; fileRef = 4661993123D3AB1A00DC9842 /* OrderDetailsViewController.swift */; };
		4661993623D599B400DC9842 /* AppTheme.swift in Sources */ = {isa = PBXBuildFile; fileRef = 4661993523D599B400DC9842 /* AppTheme.swift */; };
		4661993823D59CFE00DC9842 /* LoginextStatusPicker.swift in Sources */ = {isa = PBXBuildFile; fileRef = 4661993723D59CFE00DC9842 /* LoginextStatusPicker.swift */; };
		4661993A23D5D8FB00DC9842 /* MapKit.framework in Frameworks */ = {isa = PBXBuildFile; fileRef = 4661993923D5D8FB00DC9842 /* MapKit.framework */; };
		4661993C23D5E83A00DC9842 /* Annotation.swift in Sources */ = {isa = PBXBuildFile; fileRef = 4661993B23D5E83A00DC9842 /* Annotation.swift */; };
		4661993E23D5ECC400DC9842 /* TrackerViewController.swift in Sources */ = {isa = PBXBuildFile; fileRef = 4661993D23D5ECC400DC9842 /* TrackerViewController.swift */; };
		4661994023D5EE0E00DC9842 /* LocationManager.swift in Sources */ = {isa = PBXBuildFile; fileRef = 4661993F23D5EE0E00DC9842 /* LocationManager.swift */; };
/* End PBXBuildFile section */

/* Begin PBXContainerItemProxy section */
		466198F523D1C5DE00DC9842 /* PBXContainerItemProxy */ = {
			isa = PBXContainerItemProxy;
			containerPortal = 466198D323D1C5D700DC9842 /* Project object */;
			proxyType = 1;
			remoteGlobalIDString = 466198DA23D1C5D700DC9842;
			remoteInfo = loginext;
		};
/* End PBXContainerItemProxy section */

/* Begin PBXFileReference section */
		19C5CC426B3E76F5BDB64028 /* Pods_loginextTests.framework */ = {isa = PBXFileReference; explicitFileType = wrapper.framework; includeInIndex = 0; path = Pods_loginextTests.framework; sourceTree = BUILT_PRODUCTS_DIR; };
		466198DB23D1C5D700DC9842 /* loginext.app */ = {isa = PBXFileReference; explicitFileType = wrapper.application; includeInIndex = 0; path = loginext.app; sourceTree = BUILT_PRODUCTS_DIR; };
		466198DE23D1C5D700DC9842 /* AppDelegate.swift */ = {isa = PBXFileReference; lastKnownFileType = sourcecode.swift; path = AppDelegate.swift; sourceTree = "<group>"; };
		466198E023D1C5D700DC9842 /* SceneDelegate.swift */ = {isa = PBXFileReference; lastKnownFileType = sourcecode.swift; path = SceneDelegate.swift; sourceTree = "<group>"; };
		466198E523D1C5D700DC9842 /* Base */ = {isa = PBXFileReference; lastKnownFileType = file.storyboard; name = Base; path = Base.lproj/Main.storyboard; sourceTree = "<group>"; };
		466198E823D1C5D700DC9842 /* loginext.xcdatamodel */ = {isa = PBXFileReference; lastKnownFileType = wrapper.xcdatamodel; path = loginext.xcdatamodel; sourceTree = "<group>"; };
		466198EA23D1C5DE00DC9842 /* Assets.xcassets */ = {isa = PBXFileReference; lastKnownFileType = folder.assetcatalog; path = Assets.xcassets; sourceTree = "<group>"; };
		466198ED23D1C5DE00DC9842 /* Base */ = {isa = PBXFileReference; lastKnownFileType = file.storyboard; name = Base; path = Base.lproj/LaunchScreen.storyboard; sourceTree = "<group>"; };
		466198EF23D1C5DE00DC9842 /* Info.plist */ = {isa = PBXFileReference; lastKnownFileType = text.plist.xml; path = Info.plist; sourceTree = "<group>"; };
		466198F423D1C5DE00DC9842 /* loginextTests.xctest */ = {isa = PBXFileReference; explicitFileType = wrapper.cfbundle; includeInIndex = 0; path = loginextTests.xctest; sourceTree = BUILT_PRODUCTS_DIR; };
		466198F823D1C5DE00DC9842 /* loginextTests.swift */ = {isa = PBXFileReference; lastKnownFileType = sourcecode.swift; path = loginextTests.swift; sourceTree = "<group>"; };
		466198FA23D1C5DE00DC9842 /* Info.plist */ = {isa = PBXFileReference; lastKnownFileType = text.plist.xml; path = Info.plist; sourceTree = "<group>"; };
		4661990D23D1CA0C00DC9842 /* FirebaseDBManager.swift */ = {isa = PBXFileReference; lastKnownFileType = sourcecode.swift; path = FirebaseDBManager.swift; sourceTree = "<group>"; };
		4661991123D1D18900DC9842 /* GoogleService-Info.plist */ = {isa = PBXFileReference; fileEncoding = 4; lastKnownFileType = text.plist.xml; path = "GoogleService-Info.plist"; sourceTree = "<group>"; };
		4661991623D1DB9900DC9842 /* MainNavigationViewController.swift */ = {isa = PBXFileReference; lastKnownFileType = sourcecode.swift; path = MainNavigationViewController.swift; sourceTree = "<group>"; };
		4661991923D1DBEF00DC9842 /* Order.swift */ = {isa = PBXFileReference; lastKnownFileType = sourcecode.swift; path = Order.swift; sourceTree = "<group>"; };
		4661991E23D1F7C500DC9842 /* OrderListPresenter.swift */ = {isa = PBXFileReference; lastKnownFileType = sourcecode.swift; path = OrderListPresenter.swift; sourceTree = "<group>"; };
		4661991F23D1F7C500DC9842 /* OrderListWorker.swift */ = {isa = PBXFileReference; lastKnownFileType = sourcecode.swift; path = OrderListWorker.swift; sourceTree = "<group>"; };
		4661992023D1F7C500DC9842 /* OrderListRouter.swift */ = {isa = PBXFileReference; lastKnownFileType = sourcecode.swift; path = OrderListRouter.swift; sourceTree = "<group>"; };
		4661992123D1F7C500DC9842 /* OrderListModels.swift */ = {isa = PBXFileReference; lastKnownFileType = sourcecode.swift; path = OrderListModels.swift; sourceTree = "<group>"; };
		4661992223D1F7C500DC9842 /* OrderListViewController.swift */ = {isa = PBXFileReference; lastKnownFileType = sourcecode.swift; path = OrderListViewController.swift; sourceTree = "<group>"; };
		4661992323D1F7C500DC9842 /* OrderListInteractor.swift */ = {isa = PBXFileReference; lastKnownFileType = sourcecode.swift; path = OrderListInteractor.swift; sourceTree = "<group>"; };
		4661992B23D1F8B800DC9842 /* BaseViewController.swift */ = {isa = PBXFileReference; lastKnownFileType = sourcecode.swift; path = BaseViewController.swift; sourceTree = "<group>"; };
		4661992D23D2058600DC9842 /* OrderListCell.swift */ = {isa = PBXFileReference; lastKnownFileType = sourcecode.swift; path = OrderListCell.swift; sourceTree = "<group>"; };
		4661992F23D2071A00DC9842 /* AppTabBarController.swift */ = {isa = PBXFileReference; lastKnownFileType = sourcecode.swift; path = AppTabBarController.swift; sourceTree = "<group>"; };
		4661993123D3AB1A00DC9842 /* OrderDetailsViewController.swift */ = {isa = PBXFileReference; lastKnownFileType = sourcecode.swift; path = OrderDetailsViewController.swift; sourceTree = "<group>"; };
		4661993523D599B400DC9842 /* AppTheme.swift */ = {isa = PBXFileReference; lastKnownFileType = sourcecode.swift; path = AppTheme.swift; sourceTree = "<group>"; };
		4661993723D59CFE00DC9842 /* LoginextStatusPicker.swift */ = {isa = PBXFileReference; lastKnownFileType = sourcecode.swift; path = LoginextStatusPicker.swift; sourceTree = "<group>"; };
		4661993923D5D8FB00DC9842 /* MapKit.framework */ = {isa = PBXFileReference; lastKnownFileType = wrapper.framework; name = MapKit.framework; path = System/Library/Frameworks/MapKit.framework; sourceTree = SDKROOT; };
		4661993B23D5E83A00DC9842 /* Annotation.swift */ = {isa = PBXFileReference; lastKnownFileType = sourcecode.swift; path = Annotation.swift; sourceTree = "<group>"; };
		4661993D23D5ECC400DC9842 /* TrackerViewController.swift */ = {isa = PBXFileReference; lastKnownFileType = sourcecode.swift; path = TrackerViewController.swift; sourceTree = "<group>"; };
		4661993F23D5EE0E00DC9842 /* LocationManager.swift */ = {isa = PBXFileReference; lastKnownFileType = sourcecode.swift; path = LocationManager.swift; sourceTree = "<group>"; };
		4A5927F1677EC9A34C116950 /* Pods-loginextTests.release.xcconfig */ = {isa = PBXFileReference; includeInIndex = 1; lastKnownFileType = text.xcconfig; name = "Pods-loginextTests.release.xcconfig"; path = "Target Support Files/Pods-loginextTests/Pods-loginextTests.release.xcconfig"; sourceTree = "<group>"; };
		A4A98886B77E77C08813891F /* Pods-loginextTests.debug.xcconfig */ = {isa = PBXFileReference; includeInIndex = 1; lastKnownFileType = text.xcconfig; name = "Pods-loginextTests.debug.xcconfig"; path = "Target Support Files/Pods-loginextTests/Pods-loginextTests.debug.xcconfig"; sourceTree = "<group>"; };
		D51311F5BD2D23F5E0FF3605 /* Pods-loginext.debug.xcconfig */ = {isa = PBXFileReference; includeInIndex = 1; lastKnownFileType = text.xcconfig; name = "Pods-loginext.debug.xcconfig"; path = "Target Support Files/Pods-loginext/Pods-loginext.debug.xcconfig"; sourceTree = "<group>"; };
		D5957A33EC0CDA935EC0864C /* Pods_loginext.framework */ = {isa = PBXFileReference; explicitFileType = wrapper.framework; includeInIndex = 0; path = Pods_loginext.framework; sourceTree = BUILT_PRODUCTS_DIR; };
		F2D8ECA0107F7BED9DB74AF2 /* Pods-loginext.release.xcconfig */ = {isa = PBXFileReference; includeInIndex = 1; lastKnownFileType = text.xcconfig; name = "Pods-loginext.release.xcconfig"; path = "Target Support Files/Pods-loginext/Pods-loginext.release.xcconfig"; sourceTree = "<group>"; };
/* End PBXFileReference section */

/* Begin PBXFrameworksBuildPhase section */
		466198D823D1C5D700DC9842 /* Frameworks */ = {
			isa = PBXFrameworksBuildPhase;
			buildActionMask = 2147483647;
			files = (
				4661993A23D5D8FB00DC9842 /* MapKit.framework in Frameworks */,
				218D91942E17BD47D4B497CD /* Pods_loginext.framework in Frameworks */,
			);
			runOnlyForDeploymentPostprocessing = 0;
		};
		466198F123D1C5DE00DC9842 /* Frameworks */ = {
			isa = PBXFrameworksBuildPhase;
			buildActionMask = 2147483647;
			files = (
				03C3903AE67F0905597DAD3F /* Pods_loginextTests.framework in Frameworks */,
			);
			runOnlyForDeploymentPostprocessing = 0;
		};
/* End PBXFrameworksBuildPhase section */

/* Begin PBXGroup section */
		192A9614D261F521A2F31D3F /* Frameworks */ = {
			isa = PBXGroup;
			children = (
				4661993923D5D8FB00DC9842 /* MapKit.framework */,
				D5957A33EC0CDA935EC0864C /* Pods_loginext.framework */,
				19C5CC426B3E76F5BDB64028 /* Pods_loginextTests.framework */,
			);
			name = Frameworks;
			sourceTree = "<group>";
		};
		466198D223D1C5D700DC9842 = {
			isa = PBXGroup;
			children = (
				466198DD23D1C5D700DC9842 /* loginext */,
				466198F723D1C5DE00DC9842 /* loginextTests */,
				466198DC23D1C5D700DC9842 /* Products */,
				B5FDEB9F640600469690B776 /* Pods */,
				192A9614D261F521A2F31D3F /* Frameworks */,
			);
			sourceTree = "<group>";
		};
		466198DC23D1C5D700DC9842 /* Products */ = {
			isa = PBXGroup;
			children = (
				466198DB23D1C5D700DC9842 /* loginext.app */,
				466198F423D1C5DE00DC9842 /* loginextTests.xctest */,
			);
			name = Products;
			sourceTree = "<group>";
		};
		466198DD23D1C5D700DC9842 /* loginext */ = {
			isa = PBXGroup;
			children = (
				4661990B23D1C9DB00DC9842 /* Classes */,
				4661990623D1C6FF00DC9842 /* Core Data */,
				4661990523D1C6EE00DC9842 /* Storyboards */,
				4661990423D1C6DF00DC9842 /* Resources */,
				4661990323D1C67000DC9842 /* App Launch */,
				466198EF23D1C5DE00DC9842 /* Info.plist */,
				4661991123D1D18900DC9842 /* GoogleService-Info.plist */,
			);
			path = loginext;
			sourceTree = "<group>";
		};
		466198F723D1C5DE00DC9842 /* loginextTests */ = {
			isa = PBXGroup;
			children = (
				466198F823D1C5DE00DC9842 /* loginextTests.swift */,
				466198FA23D1C5DE00DC9842 /* Info.plist */,
			);
			path = loginextTests;
			sourceTree = "<group>";
		};
		4661990323D1C67000DC9842 /* App Launch */ = {
			isa = PBXGroup;
			children = (
				466198DE23D1C5D700DC9842 /* AppDelegate.swift */,
				466198E023D1C5D700DC9842 /* SceneDelegate.swift */,
			);
			path = "App Launch";
			sourceTree = "<group>";
		};
		4661990423D1C6DF00DC9842 /* Resources */ = {
			isa = PBXGroup;
			children = (
				466198EA23D1C5DE00DC9842 /* Assets.xcassets */,
			);
			path = Resources;
			sourceTree = "<group>";
		};
		4661990523D1C6EE00DC9842 /* Storyboards */ = {
			isa = PBXGroup;
			children = (
				466198EC23D1C5DE00DC9842 /* LaunchScreen.storyboard */,
				466198E423D1C5D700DC9842 /* Main.storyboard */,
			);
			path = Storyboards;
			sourceTree = "<group>";
		};
		4661990623D1C6FF00DC9842 /* Core Data */ = {
			isa = PBXGroup;
			children = (
				466198E723D1C5D700DC9842 /* loginext.xcdatamodeld */,
			);
			path = "Core Data";
			sourceTree = "<group>";
		};
		4661990B23D1C9DB00DC9842 /* Classes */ = {
			isa = PBXGroup;
			children = (
				4661991423D1D3DE00DC9842 /* Scenes */,
				4661991523D1D3F100DC9842 /* Core Classes */,
				4661991323D1D3A800DC9842 /* Helpers */,
				4661990C23D1C9E500DC9842 /* Firebase Database */,
			);
			path = Classes;
			sourceTree = "<group>";
		};
		4661990C23D1C9E500DC9842 /* Firebase Database */ = {
			isa = PBXGroup;
			children = (
				4661991823D1DBCC00DC9842 /* Data models */,
				4661990D23D1CA0C00DC9842 /* FirebaseDBManager.swift */,
			);
			path = "Firebase Database";
			sourceTree = "<group>";
		};
		4661991323D1D3A800DC9842 /* Helpers */ = {
			isa = PBXGroup;
			children = (
				4661993523D599B400DC9842 /* AppTheme.swift */,
				4661993723D59CFE00DC9842 /* LoginextStatusPicker.swift */,
				4661993F23D5EE0E00DC9842 /* LocationManager.swift */,
			);
			path = Helpers;
			sourceTree = "<group>";
		};
		4661991423D1D3DE00DC9842 /* Scenes */ = {
			isa = PBXGroup;
			children = (
				4661991B23D1F4F700DC9842 /* Order List */,
				4661991C23D1F51A00DC9842 /* Order Details */,
				4661991D23D1F52A00DC9842 /* Location Tracker */,
			);
			path = Scenes;
			sourceTree = "<group>";
		};
		4661991523D1D3F100DC9842 /* Core Classes */ = {
			isa = PBXGroup;
			children = (
				4661991623D1DB9900DC9842 /* MainNavigationViewController.swift */,
				4661992B23D1F8B800DC9842 /* BaseViewController.swift */,
				4661992F23D2071A00DC9842 /* AppTabBarController.swift */,
				4661993B23D5E83A00DC9842 /* Annotation.swift */,
			);
			path = "Core Classes";
			sourceTree = "<group>";
		};
		4661991823D1DBCC00DC9842 /* Data models */ = {
			isa = PBXGroup;
			children = (
				4661991923D1DBEF00DC9842 /* Order.swift */,
			);
			path = "Data models";
			sourceTree = "<group>";
		};
		4661991B23D1F4F700DC9842 /* Order List */ = {
			isa = PBXGroup;
			children = (
				4661992223D1F7C500DC9842 /* OrderListViewController.swift */,
				4661992A23D1F82400DC9842 /* Views */,
				4661991E23D1F7C500DC9842 /* OrderListPresenter.swift */,
				4661991F23D1F7C500DC9842 /* OrderListWorker.swift */,
				4661992023D1F7C500DC9842 /* OrderListRouter.swift */,
				4661992123D1F7C500DC9842 /* OrderListModels.swift */,
				4661992323D1F7C500DC9842 /* OrderListInteractor.swift */,
			);
			path = "Order List";
			sourceTree = "<group>";
		};
		4661991C23D1F51A00DC9842 /* Order Details */ = {
			isa = PBXGroup;
			children = (
				4661993123D3AB1A00DC9842 /* OrderDetailsViewController.swift */,
			);
			path = "Order Details";
			sourceTree = "<group>";
		};
		4661991D23D1F52A00DC9842 /* Location Tracker */ = {
			isa = PBXGroup;
			children = (
				4661993D23D5ECC400DC9842 /* TrackerViewController.swift */,
			);
			path = "Location Tracker";
			sourceTree = "<group>";
		};
		4661992A23D1F82400DC9842 /* Views */ = {
			isa = PBXGroup;
			children = (
				4661992D23D2058600DC9842 /* OrderListCell.swift */,
			);
			path = Views;
			sourceTree = "<group>";
		};
		B5FDEB9F640600469690B776 /* Pods */ = {
			isa = PBXGroup;
			children = (
				D51311F5BD2D23F5E0FF3605 /* Pods-loginext.debug.xcconfig */,
				F2D8ECA0107F7BED9DB74AF2 /* Pods-loginext.release.xcconfig */,
				A4A98886B77E77C08813891F /* Pods-loginextTests.debug.xcconfig */,
				4A5927F1677EC9A34C116950 /* Pods-loginextTests.release.xcconfig */,
			);
			path = Pods;
			sourceTree = "<group>";
		};
/* End PBXGroup section */

/* Begin PBXNativeTarget section */
		466198DA23D1C5D700DC9842 /* loginext */ = {
			isa = PBXNativeTarget;
			buildConfigurationList = 466198FD23D1C5DE00DC9842 /* Build configuration list for PBXNativeTarget "loginext" */;
			buildPhases = (
				7D29CBACD41488CFEB3DEE17 /* [CP] Check Pods Manifest.lock */,
				466198D723D1C5D700DC9842 /* Sources */,
				466198D823D1C5D700DC9842 /* Frameworks */,
				466198D923D1C5D700DC9842 /* Resources */,
				2B553AE4058BA7755BC9E366 /* [CP] Embed Pods Frameworks */,
			);
			buildRules = (
			);
			dependencies = (
			);
			name = loginext;
			productName = loginext;
			productReference = 466198DB23D1C5D700DC9842 /* loginext.app */;
			productType = "com.apple.product-type.application";
		};
		466198F323D1C5DE00DC9842 /* loginextTests */ = {
			isa = PBXNativeTarget;
			buildConfigurationList = 4661990023D1C5DE00DC9842 /* Build configuration list for PBXNativeTarget "loginextTests" */;
			buildPhases = (
				5CFC99CE70E8A811C3E7BBB5 /* [CP] Check Pods Manifest.lock */,
				466198F023D1C5DE00DC9842 /* Sources */,
				466198F123D1C5DE00DC9842 /* Frameworks */,
				466198F223D1C5DE00DC9842 /* Resources */,
			);
			buildRules = (
			);
			dependencies = (
				466198F623D1C5DE00DC9842 /* PBXTargetDependency */,
			);
			name = loginextTests;
			productName = loginextTests;
			productReference = 466198F423D1C5DE00DC9842 /* loginextTests.xctest */;
			productType = "com.apple.product-type.bundle.unit-test";
		};
/* End PBXNativeTarget section */

/* Begin PBXProject section */
		466198D323D1C5D700DC9842 /* Project object */ = {
			isa = PBXProject;
			attributes = {
				LastSwiftUpdateCheck = 1130;
				LastUpgradeCheck = 1130;
				ORGANIZATIONNAME = "Tasin Zarkoob";
				TargetAttributes = {
					466198DA23D1C5D700DC9842 = {
						CreatedOnToolsVersion = 11.3.1;
					};
					466198F323D1C5DE00DC9842 = {
						CreatedOnToolsVersion = 11.3.1;
						TestTargetID = 466198DA23D1C5D700DC9842;
					};
				};
			};
			buildConfigurationList = 466198D623D1C5D700DC9842 /* Build configuration list for PBXProject "loginext" */;
			compatibilityVersion = "Xcode 9.3";
			developmentRegion = en;
			hasScannedForEncodings = 0;
			knownRegions = (
				en,
				Base,
			);
			mainGroup = 466198D223D1C5D700DC9842;
			productRefGroup = 466198DC23D1C5D700DC9842 /* Products */;
			projectDirPath = "";
			projectRoot = "";
			targets = (
				466198DA23D1C5D700DC9842 /* loginext */,
				466198F323D1C5DE00DC9842 /* loginextTests */,
			);
		};
/* End PBXProject section */

/* Begin PBXResourcesBuildPhase section */
		466198D923D1C5D700DC9842 /* Resources */ = {
			isa = PBXResourcesBuildPhase;
			buildActionMask = 2147483647;
			files = (
				466198EE23D1C5DE00DC9842 /* LaunchScreen.storyboard in Resources */,
				4661991223D1D18900DC9842 /* GoogleService-Info.plist in Resources */,
				466198EB23D1C5DE00DC9842 /* Assets.xcassets in Resources */,
				466198E623D1C5D700DC9842 /* Main.storyboard in Resources */,
			);
			runOnlyForDeploymentPostprocessing = 0;
		};
		466198F223D1C5DE00DC9842 /* Resources */ = {
			isa = PBXResourcesBuildPhase;
			buildActionMask = 2147483647;
			files = (
			);
			runOnlyForDeploymentPostprocessing = 0;
		};
/* End PBXResourcesBuildPhase section */

/* Begin PBXShellScriptBuildPhase section */
		2B553AE4058BA7755BC9E366 /* [CP] Embed Pods Frameworks */ = {
			isa = PBXShellScriptBuildPhase;
			buildActionMask = 2147483647;
			files = (
			);
			inputFileListPaths = (
				"${PODS_ROOT}/Target Support Files/Pods-loginext/Pods-loginext-frameworks-${CONFIGURATION}-input-files.xcfilelist",
			);
			name = "[CP] Embed Pods Frameworks";
			outputFileListPaths = (
				"${PODS_ROOT}/Target Support Files/Pods-loginext/Pods-loginext-frameworks-${CONFIGURATION}-output-files.xcfilelist",
			);
			runOnlyForDeploymentPostprocessing = 0;
			shellPath = /bin/sh;
			shellScript = "\"${PODS_ROOT}/Target Support Files/Pods-loginext/Pods-loginext-frameworks.sh\"\n";
			showEnvVarsInLog = 0;
		};
		5CFC99CE70E8A811C3E7BBB5 /* [CP] Check Pods Manifest.lock */ = {
			isa = PBXShellScriptBuildPhase;
			buildActionMask = 2147483647;
			files = (
			);
			inputFileListPaths = (
			);
			inputPaths = (
				"${PODS_PODFILE_DIR_PATH}/Podfile.lock",
				"${PODS_ROOT}/Manifest.lock",
			);
			name = "[CP] Check Pods Manifest.lock";
			outputFileListPaths = (
			);
			outputPaths = (
				"$(DERIVED_FILE_DIR)/Pods-loginextTests-checkManifestLockResult.txt",
			);
			runOnlyForDeploymentPostprocessing = 0;
			shellPath = /bin/sh;
			shellScript = "diff \"${PODS_PODFILE_DIR_PATH}/Podfile.lock\" \"${PODS_ROOT}/Manifest.lock\" > /dev/null\nif [ $? != 0 ] ; then\n    # print error to STDERR\n    echo \"error: The sandbox is not in sync with the Podfile.lock. Run 'pod install' or update your CocoaPods installation.\" >&2\n    exit 1\nfi\n# This output is used by Xcode 'outputs' to avoid re-running this script phase.\necho \"SUCCESS\" > \"${SCRIPT_OUTPUT_FILE_0}\"\n";
			showEnvVarsInLog = 0;
		};
		7D29CBACD41488CFEB3DEE17 /* [CP] Check Pods Manifest.lock */ = {
			isa = PBXShellScriptBuildPhase;
			buildActionMask = 2147483647;
			files = (
			);
			inputFileListPaths = (
			);
			inputPaths = (
				"${PODS_PODFILE_DIR_PATH}/Podfile.lock",
				"${PODS_ROOT}/Manifest.lock",
			);
			name = "[CP] Check Pods Manifest.lock";
			outputFileListPaths = (
			);
			outputPaths = (
				"$(DERIVED_FILE_DIR)/Pods-loginext-checkManifestLockResult.txt",
			);
			runOnlyForDeploymentPostprocessing = 0;
			shellPath = /bin/sh;
			shellScript = "diff \"${PODS_PODFILE_DIR_PATH}/Podfile.lock\" \"${PODS_ROOT}/Manifest.lock\" > /dev/null\nif [ $? != 0 ] ; then\n    # print error to STDERR\n    echo \"error: The sandbox is not in sync with the Podfile.lock. Run 'pod install' or update your CocoaPods installation.\" >&2\n    exit 1\nfi\n# This output is used by Xcode 'outputs' to avoid re-running this script phase.\necho \"SUCCESS\" > \"${SCRIPT_OUTPUT_FILE_0}\"\n";
			showEnvVarsInLog = 0;
		};
/* End PBXShellScriptBuildPhase section */

/* Begin PBXSourcesBuildPhase section */
		466198D723D1C5D700DC9842 /* Sources */ = {
			isa = PBXSourcesBuildPhase;
			buildActionMask = 2147483647;
			files = (
				4661993623D599B400DC9842 /* AppTheme.swift in Sources */,
				4661992E23D2058600DC9842 /* OrderListCell.swift in Sources */,
				4661992C23D1F8B800DC9842 /* BaseViewController.swift in Sources */,
				4661991A23D1DBEF00DC9842 /* Order.swift in Sources */,
				4661993023D2071A00DC9842 /* AppTabBarController.swift in Sources */,
				4661993E23D5ECC400DC9842 /* TrackerViewController.swift in Sources */,
				4661991723D1DB9900DC9842 /* MainNavigationViewController.swift in Sources */,
				4661992523D1F7C500DC9842 /* OrderListWorker.swift in Sources */,
				4661992823D1F7C500DC9842 /* OrderListViewController.swift in Sources */,
				4661992423D1F7C500DC9842 /* OrderListPresenter.swift in Sources */,
				4661993C23D5E83A00DC9842 /* Annotation.swift in Sources */,
				4661993323D3AB1A00DC9842 /* OrderDetailsViewController.swift in Sources */,
				4661990E23D1CA0C00DC9842 /* FirebaseDBManager.swift in Sources */,
				466198DF23D1C5D700DC9842 /* AppDelegate.swift in Sources */,
				466198E123D1C5D700DC9842 /* SceneDelegate.swift in Sources */,
				4661993823D59CFE00DC9842 /* LoginextStatusPicker.swift in Sources */,
				4661992623D1F7C500DC9842 /* OrderListRouter.swift in Sources */,
				4661994023D5EE0E00DC9842 /* LocationManager.swift in Sources */,
				4661992723D1F7C500DC9842 /* OrderListModels.swift in Sources */,
				466198E923D1C5D700DC9842 /* loginext.xcdatamodeld in Sources */,
				4661992923D1F7C500DC9842 /* OrderListInteractor.swift in Sources */,
			);
			runOnlyForDeploymentPostprocessing = 0;
		};
		466198F023D1C5DE00DC9842 /* Sources */ = {
			isa = PBXSourcesBuildPhase;
			buildActionMask = 2147483647;
			files = (
				466198F923D1C5DE00DC9842 /* loginextTests.swift in Sources */,
			);
			runOnlyForDeploymentPostprocessing = 0;
		};
/* End PBXSourcesBuildPhase section */

/* Begin PBXTargetDependency section */
		466198F623D1C5DE00DC9842 /* PBXTargetDependency */ = {
			isa = PBXTargetDependency;
			target = 466198DA23D1C5D700DC9842 /* loginext */;
			targetProxy = 466198F523D1C5DE00DC9842 /* PBXContainerItemProxy */;
		};
/* End PBXTargetDependency section */

/* Begin PBXVariantGroup section */
		466198E423D1C5D700DC9842 /* Main.storyboard */ = {
			isa = PBXVariantGroup;
			children = (
				466198E523D1C5D700DC9842 /* Base */,
			);
			name = Main.storyboard;
			sourceTree = "<group>";
		};
		466198EC23D1C5DE00DC9842 /* LaunchScreen.storyboard */ = {
			isa = PBXVariantGroup;
			children = (
				466198ED23D1C5DE00DC9842 /* Base */,
			);
			name = LaunchScreen.storyboard;
			sourceTree = "<group>";
		};
/* End PBXVariantGroup section */

/* Begin XCBuildConfiguration section */
		466198FB23D1C5DE00DC9842 /* Debug */ = {
			isa = XCBuildConfiguration;
			buildSettings = {
				ALWAYS_SEARCH_USER_PATHS = NO;
				CLANG_ANALYZER_NONNULL = YES;
				CLANG_ANALYZER_NUMBER_OBJECT_CONVERSION = YES_AGGRESSIVE;
				CLANG_CXX_LANGUAGE_STANDARD = "gnu++14";
				CLANG_CXX_LIBRARY = "libc++";
				CLANG_ENABLE_MODULES = YES;
				CLANG_ENABLE_OBJC_ARC = YES;
				CLANG_ENABLE_OBJC_WEAK = YES;
				CLANG_WARN_BLOCK_CAPTURE_AUTORELEASING = YES;
				CLANG_WARN_BOOL_CONVERSION = YES;
				CLANG_WARN_COMMA = YES;
				CLANG_WARN_CONSTANT_CONVERSION = YES;
				CLANG_WARN_DEPRECATED_OBJC_IMPLEMENTATIONS = YES;
				CLANG_WARN_DIRECT_OBJC_ISA_USAGE = YES_ERROR;
				CLANG_WARN_DOCUMENTATION_COMMENTS = YES;
				CLANG_WARN_EMPTY_BODY = YES;
				CLANG_WARN_ENUM_CONVERSION = YES;
				CLANG_WARN_INFINITE_RECURSION = YES;
				CLANG_WARN_INT_CONVERSION = YES;
				CLANG_WARN_NON_LITERAL_NULL_CONVERSION = YES;
				CLANG_WARN_OBJC_IMPLICIT_RETAIN_SELF = YES;
				CLANG_WARN_OBJC_LITERAL_CONVERSION = YES;
				CLANG_WARN_OBJC_ROOT_CLASS = YES_ERROR;
				CLANG_WARN_RANGE_LOOP_ANALYSIS = YES;
				CLANG_WARN_STRICT_PROTOTYPES = YES;
				CLANG_WARN_SUSPICIOUS_MOVE = YES;
				CLANG_WARN_UNGUARDED_AVAILABILITY = YES_AGGRESSIVE;
				CLANG_WARN_UNREACHABLE_CODE = YES;
				CLANG_WARN__DUPLICATE_METHOD_MATCH = YES;
				COPY_PHASE_STRIP = NO;
				DEBUG_INFORMATION_FORMAT = dwarf;
				ENABLE_STRICT_OBJC_MSGSEND = YES;
				ENABLE_TESTABILITY = YES;
				GCC_C_LANGUAGE_STANDARD = gnu11;
				GCC_DYNAMIC_NO_PIC = NO;
				GCC_NO_COMMON_BLOCKS = YES;
				GCC_OPTIMIZATION_LEVEL = 0;
				GCC_PREPROCESSOR_DEFINITIONS = (
					"DEBUG=1",
					"$(inherited)",
				);
				GCC_WARN_64_TO_32_BIT_CONVERSION = YES;
				GCC_WARN_ABOUT_RETURN_TYPE = YES_ERROR;
				GCC_WARN_UNDECLARED_SELECTOR = YES;
				GCC_WARN_UNINITIALIZED_AUTOS = YES_AGGRESSIVE;
				GCC_WARN_UNUSED_FUNCTION = YES;
				GCC_WARN_UNUSED_VARIABLE = YES;
				IPHONEOS_DEPLOYMENT_TARGET = 13.2;
				MTL_ENABLE_DEBUG_INFO = INCLUDE_SOURCE;
				MTL_FAST_MATH = YES;
				ONLY_ACTIVE_ARCH = YES;
				SDKROOT = iphoneos;
				SWIFT_ACTIVE_COMPILATION_CONDITIONS = DEBUG;
				SWIFT_OPTIMIZATION_LEVEL = "-Onone";
			};
			name = Debug;
		};
		466198FC23D1C5DE00DC9842 /* Release */ = {
			isa = XCBuildConfiguration;
			buildSettings = {
				ALWAYS_SEARCH_USER_PATHS = NO;
				CLANG_ANALYZER_NONNULL = YES;
				CLANG_ANALYZER_NUMBER_OBJECT_CONVERSION = YES_AGGRESSIVE;
				CLANG_CXX_LANGUAGE_STANDARD = "gnu++14";
				CLANG_CXX_LIBRARY = "libc++";
				CLANG_ENABLE_MODULES = YES;
				CLANG_ENABLE_OBJC_ARC = YES;
				CLANG_ENABLE_OBJC_WEAK = YES;
				CLANG_WARN_BLOCK_CAPTURE_AUTORELEASING = YES;
				CLANG_WARN_BOOL_CONVERSION = YES;
				CLANG_WARN_COMMA = YES;
				CLANG_WARN_CONSTANT_CONVERSION = YES;
				CLANG_WARN_DEPRECATED_OBJC_IMPLEMENTATIONS = YES;
				CLANG_WARN_DIRECT_OBJC_ISA_USAGE = YES_ERROR;
				CLANG_WARN_DOCUMENTATION_COMMENTS = YES;
				CLANG_WARN_EMPTY_BODY = YES;
				CLANG_WARN_ENUM_CONVERSION = YES;
				CLANG_WARN_INFINITE_RECURSION = YES;
				CLANG_WARN_INT_CONVERSION = YES;
				CLANG_WARN_NON_LITERAL_NULL_CONVERSION = YES;
				CLANG_WARN_OBJC_IMPLICIT_RETAIN_SELF = YES;
				CLANG_WARN_OBJC_LITERAL_CONVERSION = YES;
				CLANG_WARN_OBJC_ROOT_CLASS = YES_ERROR;
				CLANG_WARN_RANGE_LOOP_ANALYSIS = YES;
				CLANG_WARN_STRICT_PROTOTYPES = YES;
				CLANG_WARN_SUSPICIOUS_MOVE = YES;
				CLANG_WARN_UNGUARDED_AVAILABILITY = YES_AGGRESSIVE;
				CLANG_WARN_UNREACHABLE_CODE = YES;
				CLANG_WARN__DUPLICATE_METHOD_MATCH = YES;
				COPY_PHASE_STRIP = NO;
				DEBUG_INFORMATION_FORMAT = "dwarf-with-dsym";
				ENABLE_NS_ASSERTIONS = NO;
				ENABLE_STRICT_OBJC_MSGSEND = YES;
				GCC_C_LANGUAGE_STANDARD = gnu11;
				GCC_NO_COMMON_BLOCKS = YES;
				GCC_WARN_64_TO_32_BIT_CONVERSION = YES;
				GCC_WARN_ABOUT_RETURN_TYPE = YES_ERROR;
				GCC_WARN_UNDECLARED_SELECTOR = YES;
				GCC_WARN_UNINITIALIZED_AUTOS = YES_AGGRESSIVE;
				GCC_WARN_UNUSED_FUNCTION = YES;
				GCC_WARN_UNUSED_VARIABLE = YES;
				IPHONEOS_DEPLOYMENT_TARGET = 13.2;
				MTL_ENABLE_DEBUG_INFO = NO;
				MTL_FAST_MATH = YES;
				SDKROOT = iphoneos;
				SWIFT_COMPILATION_MODE = wholemodule;
				SWIFT_OPTIMIZATION_LEVEL = "-O";
				VALIDATE_PRODUCT = YES;
			};
			name = Release;
		};
		466198FE23D1C5DE00DC9842 /* Debug */ = {
			isa = XCBuildConfiguration;
			baseConfigurationReference = D51311F5BD2D23F5E0FF3605 /* Pods-loginext.debug.xcconfig */;
			buildSettings = {
				ASSETCATALOG_COMPILER_APPICON_NAME = AppIcon;
				CODE_SIGN_STYLE = Automatic;
				DEVELOPMENT_TEAM = 486WF39AWN;
				INFOPLIST_FILE = loginext/Info.plist;
				LD_RUNPATH_SEARCH_PATHS = (
					"$(inherited)",
					"@executable_path/Frameworks",
				);
				PRODUCT_BUNDLE_IDENTIFIER = apps.tasin.loginext;
				PRODUCT_NAME = "$(TARGET_NAME)";
				SWIFT_VERSION = 5.0;
				TARGETED_DEVICE_FAMILY = 1;
			};
			name = Debug;
		};
		466198FF23D1C5DE00DC9842 /* Release */ = {
			isa = XCBuildConfiguration;
			baseConfigurationReference = F2D8ECA0107F7BED9DB74AF2 /* Pods-loginext.release.xcconfig */;
			buildSettings = {
				ASSETCATALOG_COMPILER_APPICON_NAME = AppIcon;
				CODE_SIGN_STYLE = Automatic;
				DEVELOPMENT_TEAM = 486WF39AWN;
				INFOPLIST_FILE = loginext/Info.plist;
				LD_RUNPATH_SEARCH_PATHS = (
					"$(inherited)",
					"@executable_path/Frameworks",
				);
				PRODUCT_BUNDLE_IDENTIFIER = apps.tasin.loginext;
				PRODUCT_NAME = "$(TARGET_NAME)";
				SWIFT_VERSION = 5.0;
				TARGETED_DEVICE_FAMILY = 1;
			};
			name = Release;
		};
		4661990123D1C5DE00DC9842 /* Debug */ = {
			isa = XCBuildConfiguration;
			baseConfigurationReference = A4A98886B77E77C08813891F /* Pods-loginextTests.debug.xcconfig */;
			buildSettings = {
				ALWAYS_EMBED_SWIFT_STANDARD_LIBRARIES = YES;
				BUNDLE_LOADER = "$(TEST_HOST)";
				CODE_SIGN_STYLE = Automatic;
				DEVELOPMENT_TEAM = 486WF39AWN;
				INFOPLIST_FILE = loginextTests/Info.plist;
				IPHONEOS_DEPLOYMENT_TARGET = 13.2;
				LD_RUNPATH_SEARCH_PATHS = (
					"$(inherited)",
					"@executable_path/Frameworks",
					"@loader_path/Frameworks",
				);
				PRODUCT_BUNDLE_IDENTIFIER = apps.tasin.loginextTests;
				PRODUCT_NAME = "$(TARGET_NAME)";
				SWIFT_VERSION = 5.0;
				TARGETED_DEVICE_FAMILY = "1,2";
				TEST_HOST = "$(BUILT_PRODUCTS_DIR)/loginext.app/loginext";
			};
			name = Debug;
		};
		4661990223D1C5DE00DC9842 /* Release */ = {
			isa = XCBuildConfiguration;
			baseConfigurationReference = 4A5927F1677EC9A34C116950 /* Pods-loginextTests.release.xcconfig */;
			buildSettings = {
				ALWAYS_EMBED_SWIFT_STANDARD_LIBRARIES = YES;
				BUNDLE_LOADER = "$(TEST_HOST)";
				CODE_SIGN_STYLE = Automatic;
				DEVELOPMENT_TEAM = 486WF39AWN;
				INFOPLIST_FILE = loginextTests/Info.plist;
				IPHONEOS_DEPLOYMENT_TARGET = 13.2;
				LD_RUNPATH_SEARCH_PATHS = (
					"$(inherited)",
					"@executable_path/Frameworks",
					"@loader_path/Frameworks",
				);
				PRODUCT_BUNDLE_IDENTIFIER = apps.tasin.loginextTests;
				PRODUCT_NAME = "$(TARGET_NAME)";
				SWIFT_VERSION = 5.0;
				TARGETED_DEVICE_FAMILY = "1,2";
				TEST_HOST = "$(BUILT_PRODUCTS_DIR)/loginext.app/loginext";
			};
			name = Release;
		};
/* End XCBuildConfiguration section */

/* Begin XCConfigurationList section */
		466198D623D1C5D700DC9842 /* Build configuration list for PBXProject "loginext" */ = {
			isa = XCConfigurationList;
			buildConfigurations = (
				466198FB23D1C5DE00DC9842 /* Debug */,
				466198FC23D1C5DE00DC9842 /* Release */,
			);
			defaultConfigurationIsVisible = 0;
			defaultConfigurationName = Release;
		};
		466198FD23D1C5DE00DC9842 /* Build configuration list for PBXNativeTarget "loginext" */ = {
			isa = XCConfigurationList;
			buildConfigurations = (
				466198FE23D1C5DE00DC9842 /* Debug */,
				466198FF23D1C5DE00DC9842 /* Release */,
			);
			defaultConfigurationIsVisible = 0;
			defaultConfigurationName = Release;
		};
		4661990023D1C5DE00DC9842 /* Build configuration list for PBXNativeTarget "loginextTests" */ = {
			isa = XCConfigurationList;
			buildConfigurations = (
				4661990123D1C5DE00DC9842 /* Debug */,
				4661990223D1C5DE00DC9842 /* Release */,
			);
			defaultConfigurationIsVisible = 0;
			defaultConfigurationName = Release;
		};
/* End XCConfigurationList section */

/* Begin XCVersionGroup section */
		466198E723D1C5D700DC9842 /* loginext.xcdatamodeld */ = {
			isa = XCVersionGroup;
			children = (
				466198E823D1C5D700DC9842 /* loginext.xcdatamodel */,
			);
			currentVersion = 466198E823D1C5D700DC9842 /* loginext.xcdatamodel */;
			path = loginext.xcdatamodeld;
			sourceTree = "<group>";
			versionGroupType = wrapper.xcdatamodel;
		};
/* End XCVersionGroup section */
	};
	rootObject = 466198D323D1C5D700DC9842 /* Project object */;
}
